Microsoft Visual Studio Solution File, Format Version 12.00
# Visual Studio 15
VisualStudioVersion = 15.0.26020.0
MinimumVisualStudioVersion = 10.0.40219.1
Project("{FAE04EC0-301F-11D3-BF4B-00C04F79EFBC}") = "NMPB.Timers", "NMPB.Timers.csproj", "{E83E216E-C80D-40DB-9CF3-4842F26CC15D}"
EndProject
Global
	GlobalSection(SolutionConfigurationPlatforms) = preSolution
		Debug|Any CPU = Debug|Any CPU
		Release|Any CPU = Release|Any CPU
	EndGlobalSection
	GlobalSection(ProjectConfigurationPlatforms) = postSolution
		{E83E216E-C80D-40DB-9CF3-4842F26CC15D}.Debug|Any CPU.ActiveCfg = Debug|Any CPU
		{E83E216E-C80D-40DB-9CF3-4842F26CC15D}.Debug|Any CPU.Build.0 = Debug|Any CPU
		{E83E216E-C80D-40DB-9CF3-4842F26CC15D}.Release|Any CPU.ActiveCfg = Release|Any CPU
		{E83E216E-C80D-40DB-9CF3-4842F26CC15D}.Release|Any CPU.Build.0 = Release|Any CPU
	EndGlobalSection
	GlobalSection(SolutionProperties) = preSolution
		HideSolutionNode = FALSE
	EndGlobalSection
EndGlobal
